
Microsoft Visual Studio Solution File, Format Version 12.00
# Visual Studio Version 16
VisualStudioVersion = 16.0.30621.155
MinimumVisualStudioVersion = 10.0.40219.1
Project("{9A19103F-16F7-4668-BE54-9A1E7A4F7556}") = "Cryptology.Caesar", "Cryptology.Caesar\Cryptology.Caesar.csproj", "{4E4F6488-A052-4EE0-8C40-75A095A2C2DB}"
EndProject
Project("{9A19103F-16F7-4668-BE54-9A1E7A4F7556}") = "Cryptology.Core", "..\Cryptology.Core\Cryptology.Core.csproj", "{FC650640-D429-4C66-AB7D-62E91EAE6B64}"
EndProject
Project("{9A19103F-16F7-4668-BE54-9A1E7A4F7556}") = "Cryptology.ConsoleUI", "..\Console.UI\Cryptology.ConsoleUI.csproj", "{3E528C1F-36D7-4AF9-A1C7-DE5A5AB79F82}"
EndProject
Project("{FAE04EC0-301F-11D3-BF4B-00C04F79EFBC}") = "Cryptology.UI", "..\Cryptology.UI\Cryptology.UI.csproj", "{468241BE-D0C4-4A4C-836D-FC4BC50267EA}"
EndProject
Global
	GlobalSection(SolutionConfigurationPlatforms) = preSolution
		Debug|Any CPU = Debug|Any CPU
		Release|Any CPU = Release|Any CPU
	EndGlobalSection
	GlobalSection(ProjectConfigurationPlatforms) = postSolution
		{4E4F6488-A052-4EE0-8C40-75A095A2C2DB}.Debug|Any CPU.ActiveCfg = Debug|Any CPU
		{4E4F6488-A052-4EE0-8C40-75A095A2C2DB}.Debug|Any CPU.Build.0 = Debug|Any CPU
		{4E4F6488-A052-4EE0-8C40-75A095A2C2DB}.Release|Any CPU.ActiveCfg = Release|Any CPU
		{4E4F6488-A052-4EE0-8C40-75A095A2C2DB}.Release|Any CPU.Build.0 = Release|Any CPU
		{FC650640-D429-4C66-AB7D-62E91EAE6B64}.Debug|Any CPU.ActiveCfg = Debug|Any CPU
		{FC650640-D429-4C66-AB7D-62E91EAE6B64}.Debug|Any CPU.Build.0 = Debug|Any CPU
		{FC650640-D429-4C66-AB7D-62E91EAE6B64}.Release|Any CPU.ActiveCfg = Release|Any CPU
		{FC650640-D429-4C66-AB7D-62E91EAE6B64}.Release|Any CPU.Build.0 = Release|Any CPU
		{3E528C1F-36D7-4AF9-A1C7-DE5A5AB79F82}.Debug|Any CPU.ActiveCfg = Debug|Any CPU
		{3E528C1F-36D7-4AF9-A1C7-DE5A5AB79F82}.Debug|Any CPU.Build.0 = Debug|Any CPU
		{3E528C1F-36D7-4AF9-A1C7-DE5A5AB79F82}.Release|Any CPU.ActiveCfg = Release|Any CPU
		{3E528C1F-36D7-4AF9-A1C7-DE5A5AB79F82}.Release|Any CPU.Build.0 = Release|Any CPU
		{468241BE-D0C4-4A4C-836D-FC4BC50267EA}.Debug|Any CPU.ActiveCfg = Debug|Any CPU
		{468241BE-D0C4-4A4C-836D-FC4BC50267EA}.Debug|Any CPU.Build.0 = Debug|Any CPU
		{468241BE-D0C4-4A4C-836D-FC4BC50267EA}.Release|Any CPU.ActiveCfg = Release|Any CPU
		{468241BE-D0C4-4A4C-836D-FC4BC50267EA}.Release|Any CPU.Build.0 = Release|Any CPU
	EndGlobalSection
	GlobalSection(SolutionProperties) = preSolution
		HideSolutionNode = FALSE
	EndGlobalSection
	GlobalSection(ExtensibilityGlobals) = postSolution
		SolutionGuid = {1A30A7E4-586A-4D95-8899-30E3C20BD434}
	EndGlobalSection
EndGlobal
